// !$*UTF8*$!
{
	archiveVersion = 1;
	classes = {
	};
	objectVersion = 77;
	objects = {

/* Begin PBXContainerItemProxy section */
		9D73DADC2CECC7AC006DB085 /* PBXContainerItemProxy */ = {
			isa = PBXContainerItemProxy;
			containerPortal = 9D73DAC32CECC7AA006DB085 /* Project object */;
			proxyType = 1;
			remoteGlobalIDString = 9D73DACA2CECC7AA006DB085;
			remoteInfo = PocketRef;
		};
		9D73DAE62CECC7AC006DB085 /* PBXContainerItemProxy */ = {
			isa = PBXContainerItemProxy;
			containerPortal = 9D73DAC32CECC7AA006DB085 /* Project object */;
			proxyType = 1;
			remoteGlobalIDString = 9D73DACA2CECC7AA006DB085;
			remoteInfo = PocketRef;
		};
/* End PBXContainerItemProxy section */

/* Begin PBXFileReference section */
		9D73DACB2CECC7AA006DB085 /* PocketRef.app */ = {isa = PBXFileReference; explicitFileType = wrapper.application; includeInIndex = 0; path = PocketRef.app; sourceTree = BUILT_PRODUCTS_DIR; };
		9D73DADB2CECC7AC006DB085 /* PocketRefTests.xctest */ = {isa = PBXFileReference; explicitFileType = wrapper.cfbundle; includeInIndex = 0; path = PocketRefTests.xctest; sourceTree = BUILT_PRODUCTS_DIR; };
		9D73DAE52CECC7AC006DB085 /* PocketRefUITests.xctest */ = {isa = PBXFileReference; explicitFileType = wrapper.cfbundle; includeInIndex = 0; path = PocketRefUITests.xctest; sourceTree = BUILT_PRODUCTS_DIR; };
/* End PBXFileReference section */

/* Begin PBXFileSystemSynchronizedRootGroup section */
		9D73DACD2CECC7AA006DB085 /* PocketRef */ = {
			isa = PBXFileSystemSynchronizedRootGroup;
			path = PocketRef;
			sourceTree = "<group>";
		};
		9D73DADE2CECC7AC006DB085 /* PocketRefTests */ = {
			isa = PBXFileSystemSynchronizedRootGroup;
			path = PocketRefTests;
			sourceTree = "<group>";
		};
		9D73DAE82CECC7AC006DB085 /* PocketRefUITests */ = {
			isa = PBXFileSystemSynchronizedRootGroup;
			path = PocketRefUITests;
			sourceTree = "<group>";
		};
/* End PBXFileSystemSynchronizedRootGroup section */

/* Begin PBXFrameworksBuildPhase section */
		9D73DAC82CECC7AA006DB085 /* Frameworks */ = {
			isa = PBXFrameworksBuildPhase;
			buildActionMask = 2147483647;
			files = (
			);
			runOnlyForDeploymentPostprocessing = 0;
		};
		9D73DAD82CECC7AC006DB085 /* Frameworks */ = {
			isa = PBXFrameworksBuildPhase;
			buildActionMask = 2147483647;
			files = (
			);
			runOnlyForDeploymentPostprocessing = 0;
		};
		9D73DAE22CECC7AC006DB085 /* Frameworks */ = {
			isa = PBXFrameworksBuildPhase;
			buildActionMask = 2147483647;
			files = (
			);
			runOnlyForDeploymentPostprocessing = 0;
		};
/* End PBXFrameworksBuildPhase section */

/* Begin PBXGroup section */
		9D73DAC22CECC7AA006DB085 = {
			isa = PBXGroup;
			children = (
				9D73DACD2CECC7AA006DB085 /* PocketRef */,
				9D73DADE2CECC7AC006DB085 /* PocketRefTests */,
				9D73DAE82CECC7AC006DB085 /* PocketRefUITests */,
				9D73DACC2CECC7AA006DB085 /* Products */,
			);
			sourceTree = "<group>";
		};
		9D73DACC2CECC7AA006DB085 /* Products */ = {
			isa = PBXGroup;
			children = (
				9D73DACB2CECC7AA006DB085 /* PocketRef.app */,
				9D73DADB2CECC7AC006DB085 /* PocketRefTests.xctest */,
				9D73DAE52CECC7AC006DB085 /* PocketRefUITests.xctest */,
			);
			name = Products;
			sourceTree = "<group>";
		};
/* End PBXGroup section */

/* Begin PBXNativeTarget section */
		9D73DACA2CECC7AA006DB085 /* PocketRef */ = {
			isa = PBXNativeTarget;
			buildConfigurationList = 9D73DAEF2CECC7AC006DB085 /* Build configuration list for PBXNativeTarget "PocketRef" */;
			buildPhases = (
				9D73DAC72CECC7AA006DB085 /* Sources */,
				9D73DAC82CECC7AA006DB085 /* Frameworks */,
				9D73DAC92CECC7AA006DB085 /* Resources */,
			);
			buildRules = (
			);
			dependencies = (
			);
			fileSystemSynchronizedGroups = (
				9D73DACD2CECC7AA006DB085 /* PocketRef */,
			);
			name = PocketRef;
			packageProductDependencies = (
			);
			productName = PocketRef;
			productReference = 9D73DACB2CECC7AA006DB085 /* PocketRef.app */;
			productType = "com.apple.product-type.application";
		};
		9D73DADA2CECC7AC006DB085 /* PocketRefTests */ = {
			isa = PBXNativeTarget;
			buildConfigurationList = 9D73DAF22CECC7AC006DB085 /* Build configuration list for PBXNativeTarget "PocketRefTests" */;
			buildPhases = (
				9D73DAD72CECC7AC006DB085 /* Sources */,
				9D73DAD82CECC7AC006DB085 /* Frameworks */,
				9D73DAD92CECC7AC006DB085 /* Resources */,
			);
			buildRules = (
			);
			dependencies = (
				9D73DADD2CECC7AC006DB085 /* PBXTargetDependency */,
			);
			fileSystemSynchronizedGroups = (
				9D73DADE2CECC7AC006DB085 /* PocketRefTests */,
			);
			name = PocketRefTests;
			packageProductDependencies = (
			);
			productName = PocketRefTests;
			productReference = 9D73DADB2CECC7AC006DB085 /* PocketRefTests.xctest */;
			productType = "com.apple.product-type.bundle.unit-test";
		};
		9D73DAE42CECC7AC006DB085 /* PocketRefUITests */ = {
			isa = PBXNativeTarget;
			buildConfigurationList = 9D73DAF52CECC7AC006DB085 /* Build configuration list for PBXNativeTarget "PocketRefUITests" */;
			buildPhases = (
				9D73DAE12CECC7AC006DB085 /* Sources */,
				9D73DAE22CECC7AC006DB085 /* Frameworks */,
				9D73DAE32CECC7AC006DB085 /* Resources */,
			);
			buildRules = (
			);
			dependencies = (
				9D73DAE72CECC7AC006DB085 /* PBXTargetDependency */,
			);
			fileSystemSynchronizedGroups = (
				9D73DAE82CECC7AC006DB085 /* PocketRefUITests */,
			);
			name = PocketRefUITests;
			packageProductDependencies = (
			);
			productName = PocketRefUITests;
			productReference = 9D73DAE52CECC7AC006DB085 /* PocketRefUITests.xctest */;
			productType = "com.apple.product-type.bundle.ui-testing";
		};
/* End PBXNativeTarget section */

/* Begin PBXProject section */
		9D73DAC32CECC7AA006DB085 /* Project object */ = {
			isa = PBXProject;
			attributes = {
				BuildIndependentTargetsInParallel = 1;
				LastSwiftUpdateCheck = 1610;
				LastUpgradeCheck = 1610;
				TargetAttributes = {
					9D73DACA2CECC7AA006DB085 = {
						CreatedOnToolsVersion = 16.1;
					};
					9D73DADA2CECC7AC006DB085 = {
						CreatedOnToolsVersion = 16.1;
						TestTargetID = 9D73DACA2CECC7AA006DB085;
					};
					9D73DAE42CECC7AC006DB085 = {
						CreatedOnToolsVersion = 16.1;
						TestTargetID = 9D73DACA2CECC7AA006DB085;
					};
				};
			};
			buildConfigurationList = 9D73DAC62CECC7AA006DB085 /* Build configuration list for PBXProject "PocketRef" */;
			developmentRegion = en;
			hasScannedForEncodings = 0;
			knownRegions = (
				en,
				Base,
			);
			mainGroup = 9D73DAC22CECC7AA006DB085;
			minimizedProjectReferenceProxies = 1;
			preferredProjectObjectVersion = 77;
			productRefGroup = 9D73DACC2CECC7AA006DB085 /* Products */;
			projectDirPath = "";
			projectRoot = "";
			targets = (
				9D73DACA2CECC7AA006DB085 /* PocketRef */,
				9D73DADA2CECC7AC006DB085 /* PocketRefTests */,
				9D73DAE42CECC7AC006DB085 /* PocketRefUITests */,
			);
		};
/* End PBXProject section */

/* Begin PBXResourcesBuildPhase section */
		9D73DAC92CECC7AA006DB085 /* Resources */ = {
			isa = PBXResourcesBuildPhase;
			buildActionMask = 2147483647;
			files = (
			);
			runOnlyForDeploymentPostprocessing = 0;
		};
		9D73DAD92CECC7AC006DB085 /* Resources */ = {
			isa = PBXResourcesBuildPhase;
			buildActionMask = 2147483647;
			files = (
			);
			runOnlyForDeploymentPostprocessing = 0;
		};
		9D73DAE32CECC7AC006DB085 /* Resources */ = {
			isa = PBXResourcesBuildPhase;
			buildActionMask = 2147483647;
			files = (
			);
			runOnlyForDeploymentPostprocessing = 0;
		};
/* End PBXResourcesBuildPhase section */

/* Begin PBXSourcesBuildPhase section */
		9D73DAC72CECC7AA006DB085 /* Sources */ = {
			isa = PBXSourcesBuildPhase;
			buildActionMask = 2147483647;
			files = (
			);
			runOnlyForDeploymentPostprocessing = 0;
		};
		9D73DAD72CECC7AC006DB085 /* Sources */ = {
			isa = PBXSourcesBuildPhase;
			buildActionMask = 2147483647;
			files = (
			);
			runOnlyForDeploymentPostprocessing = 0;
		};
		9D73DAE12CECC7AC006DB085 /* Sources */ = {
			isa = PBXSourcesBuildPhase;
			buildActionMask = 2147483647;
			files = (
			);
			runOnlyForDeploymentPostprocessing = 0;
		};
/* End PBXSourcesBuildPhase section */

/* Begin PBXTargetDependency section */
		9D73DADD2CECC7AC006DB085 /* PBXTargetDependency */ = {
			isa = PBXTargetDependency;
			target = 9D73DACA2CECC7AA006DB085 /* PocketRef */;
			targetProxy = 9D73DADC2CECC7AC006DB085 /* PBXContainerItemProxy */;
		};
		9D73DAE72CECC7AC006DB085 /* PBXTargetDependency */ = {
			isa = PBXTargetDependency;
			target = 9D73DACA2CECC7AA006DB085 /* PocketRef */;
			targetProxy = 9D73DAE62CECC7AC006DB085 /* PBXContainerItemProxy */;
		};
/* End PBXTargetDependency section */

/* Begin XCBuildConfiguration section */
		9D73DAED2CECC7AC006DB085 /* Debug */ = {
			isa = XCBuildConfiguration;
			buildSettings = {
				ALWAYS_SEARCH_USER_PATHS = NO;
				ASSETCATALOG_COMPILER_GENERATE_SWIFT_ASSET_SYMBOL_EXTENSIONS = YES;
				CLANG_ANALYZER_NONNULL = YES;
				CLANG_ANALYZER_NUMBER_OBJECT_CONVERSION = YES_AGGRESSIVE;
				CLANG_CXX_LANGUAGE_STANDARD = "gnu++20";
				CLANG_ENABLE_MODULES = YES;
				CLANG_ENABLE_OBJC_ARC = YES;
				CLANG_ENABLE_OBJC_WEAK = YES;
				CLANG_WARN_BLOCK_CAPTURE_AUTORELEASING = YES;
				CLANG_WARN_BOOL_CONVERSION = YES;
				CLANG_WARN_COMMA = YES;
				CLANG_WARN_CONSTANT_CONVERSION = YES;
				CLANG_WARN_DEPRECATED_OBJC_IMPLEMENTATIONS = YES;
				CLANG_WARN_DIRECT_OBJC_ISA_USAGE = YES_ERROR;
				CLANG_WARN_DOCUMENTATION_COMMENTS = YES;
				CLANG_WARN_EMPTY_BODY = YES;
				CLANG_WARN_ENUM_CONVERSION = YES;
				CLANG_WARN_INFINITE_RECURSION = YES;
				CLANG_WARN_INT_CONVERSION = YES;
				CLANG_WARN_NON_LITERAL_NULL_CONVERSION = YES;
				CLANG_WARN_OBJC_IMPLICIT_RETAIN_SELF = YES;
				CLANG_WARN_OBJC_LITERAL_CONVERSION = YES;
				CLANG_WARN_OBJC_ROOT_CLASS = YES_ERROR;
				CLANG_WARN_QUOTED_INCLUDE_IN_FRAMEWORK_HEADER = YES;
				CLANG_WARN_RANGE_LOOP_ANALYSIS = YES;
				CLANG_WARN_STRICT_PROTOTYPES = YES;
				CLANG_WARN_SUSPICIOUS_MOVE = YES;
				CLANG_WARN_UNGUARDED_AVAILABILITY = YES_AGGRESSIVE;
				CLANG_WARN_UNREACHABLE_CODE = YES;
				CLANG_WARN__DUPLICATE_METHOD_MATCH = YES;
				COPY_PHASE_STRIP = NO;
				DEBUG_INFORMATION_FORMAT = dwarf;
				ENABLE_STRICT_OBJC_MSGSEND = YES;
				ENABLE_TESTABILITY = YES;
				ENABLE_USER_SCRIPT_SANDBOXING = YES;
				GCC_C_LANGUAGE_STANDARD = gnu17;
				GCC_DYNAMIC_NO_PIC = NO;
				GCC_NO_COMMON_BLOCKS = YES;
				GCC_OPTIMIZATION_LEVEL = 0;
				GCC_PREPROCESSOR_DEFINITIONS = (
					"DEBUG=1",
					"$(inherited)",
				);
				GCC_WARN_64_TO_32_BIT_CONVERSION = YES;
				GCC_WARN_ABOUT_RETURN_TYPE = YES_ERROR;
				GCC_WARN_UNDECLARED_SELECTOR = YES;
				GCC_WARN_UNINITIALIZED_AUTOS = YES_AGGRESSIVE;
				GCC_WARN_UNUSED_FUNCTION = YES;
				GCC_WARN_UNUSED_VARIABLE = YES;
				IPHONEOS_DEPLOYMENT_TARGET = 18.1;
				LOCALIZATION_PREFERS_STRING_CATALOGS = YES;
				MTL_ENABLE_DEBUG_INFO = INCLUDE_SOURCE;
				MTL_FAST_MATH = YES;
				ONLY_ACTIVE_ARCH = YES;
				SDKROOT = iphoneos;
				SWIFT_ACTIVE_COMPILATION_CONDITIONS = "DEBUG $(inherited)";
				SWIFT_OPTIMIZATION_LEVEL = "-Onone";
			};
			name = Debug;
		};
		9D73DAEE2CECC7AC006DB085 /* Release */ = {
			isa = XCBuildConfiguration;
			buildSettings = {
				ALWAYS_SEARCH_USER_PATHS = NO;
				ASSETCATALOG_COMPILER_GENERATE_SWIFT_ASSET_SYMBOL_EXTENSIONS = YES;
				CLANG_ANALYZER_NONNULL = YES;
				CLANG_ANALYZER_NUMBER_OBJECT_CONVERSION = YES_AGGRESSIVE;
				CLANG_CXX_LANGUAGE_STANDARD = "gnu++20";
				CLANG_ENABLE_MODULES = YES;
				CLANG_ENABLE_OBJC_ARC = YES;
				CLANG_ENABLE_OBJC_WEAK = YES;
				CLANG_WARN_BLOCK_CAPTURE_AUTORELEASING = YES;
				CLANG_WARN_BOOL_CONVERSION = YES;
				CLANG_WARN_COMMA = YES;
				CLANG_WARN_CONSTANT_CONVERSION = YES;
				CLANG_WARN_DEPRECATED_OBJC_IMPLEMENTATIONS = YES;
				CLANG_WARN_DIRECT_OBJC_ISA_USAGE = YES_ERROR;
				CLANG_WARN_DOCUMENTATION_COMMENTS = YES;
				CLANG_WARN_EMPTY_BODY = YES;
				CLANG_WARN_ENUM_CONVERSION = YES;
				CLANG_WARN_INFINITE_RECURSION = YES;
				CLANG_WARN_INT_CONVERSION = YES;
				CLANG_WARN_NON_LITERAL_NULL_CONVERSION = YES;
				CLANG_WARN_OBJC_IMPLICIT_RETAIN_SELF = YES;
				CLANG_WARN_OBJC_LITERAL_CONVERSION = YES;
				CLANG_WARN_OBJC_ROOT_CLASS = YES_ERROR;
				CLANG_WARN_QUOTED_INCLUDE_IN_FRAMEWORK_HEADER = YES;
				CLANG_WARN_RANGE_LOOP_ANALYSIS = YES;
				CLANG_WARN_STRICT_PROTOTYPES = YES;
				CLANG_WARN_SUSPICIOUS_MOVE = YES;
				CLANG_WARN_UNGUARDED_AVAILABILITY = YES_AGGRESSIVE;
				CLANG_WARN_UNREACHABLE_CODE = YES;
				CLANG_WARN__DUPLICATE_METHOD_MATCH = YES;
				COPY_PHASE_STRIP = NO;
				DEBUG_INFORMATION_FORMAT = "dwarf-with-dsym";
				ENABLE_NS_ASSERTIONS = NO;
				ENABLE_STRICT_OBJC_MSGSEND = YES;
				ENABLE_USER_SCRIPT_SANDBOXING = YES;
				GCC_C_LANGUAGE_STANDARD = gnu17;
				GCC_NO_COMMON_BLOCKS = YES;
				GCC_WARN_64_TO_32_BIT_CONVERSION = YES;
				GCC_WARN_ABOUT_RETURN_TYPE = YES_ERROR;
				GCC_WARN_UNDECLARED_SELECTOR = YES;
				GCC_WARN_UNINITIALIZED_AUTOS = YES_AGGRESSIVE;
				GCC_WARN_UNUSED_FUNCTION = YES;
				GCC_WARN_UNUSED_VARIABLE = YES;
				IPHONEOS_DEPLOYMENT_TARGET = 18.1;
				LOCALIZATION_PREFERS_STRING_CATALOGS = YES;
				MTL_ENABLE_DEBUG_INFO = NO;
				MTL_FAST_MATH = YES;
				SDKROOT = iphoneos;
				SWIFT_COMPILATION_MODE = wholemodule;
				VALIDATE_PRODUCT = YES;
			};
			name = Release;
		};
		9D73DAF02CECC7AC006DB085 /* Debug */ = {
			isa = XCBuildConfiguration;
			buildSettings = {
				ASSETCATALOG_COMPILER_APPICON_NAME = AppIcon;
				ASSETCATALOG_COMPILER_GLOBAL_ACCENT_COLOR_NAME = AccentColor;
				CODE_SIGN_STYLE = Automatic;
				CURRENT_PROJECT_VERSION = 1;
				DEVELOPMENT_ASSET_PATHS = "\"PocketRef/Preview Content\"";
				DEVELOPMENT_TEAM = UPSWAT7Z64;
				ENABLE_PREVIEWS = YES;
				GENERATE_INFOPLIST_FILE = YES;
				INFOPLIST_KEY_NSCameraUsageDescription = "Allow access to camera to detect goals.";
				INFOPLIST_KEY_UIApplicationSceneManifest_Generation = YES;
				INFOPLIST_KEY_UIApplicationSupportsIndirectInputEvents = YES;
				INFOPLIST_KEY_UILaunchScreen_Generation = YES;
				INFOPLIST_KEY_UISupportedInterfaceOrientations_iPad = "UIInterfaceOrientationPortrait UIInterfaceOrientationPortraitUpsideDown UIInterfaceOrientationLandscapeLeft UIInterfaceOrientationLandscapeRight";
				INFOPLIST_KEY_UISupportedInterfaceOrientations_iPhone = "UIInterfaceOrientationPortrait UIInterfaceOrientationLandscapeLeft UIInterfaceOrientationLandscapeRight";
				IPHONEOS_DEPLOYMENT_TARGET = 17.6;
				LD_RUNPATH_SEARCH_PATHS = (
					"$(inherited)",
					"@executable_path/Frameworks",
				);
				MARKETING_VERSION = 1.0;
				PRODUCT_BUNDLE_IDENTIFIER = mihail.PocketRef;
				PRODUCT_NAME = "$(TARGET_NAME)";
				SWIFT_EMIT_LOC_STRINGS = YES;
				SWIFT_VERSION = 5.0;
				TARGETED_DEVICE_FAMILY = "1,2";
			};
			name = Debug;
		};
		9D73DAF12CECC7AC006DB085 /* Release */ = {
			isa = XCBuildConfiguration;
			buildSettings = {
				ASSETCATALOG_COMPILER_APPICON_NAME = AppIcon;
				ASSETCATALOG_COMPILER_GLOBAL_ACCENT_COLOR_NAME = AccentColor;
				CODE_SIGN_STYLE = Automatic;
				CURRENT_PROJECT_VERSION = 1;
				DEVELOPMENT_ASSET_PATHS = "\"PocketRef/Preview Content\"";
				DEVELOPMENT_TEAM = UPSWAT7Z64;
				ENABLE_PREVIEWS = YES;
				GENERATE_INFOPLIST_FILE = YES;
				INFOPLIST_KEY_NSCameraUsageDescription = "Allow access to camera to detect goals.";
				INFOPLIST_KEY_UIApplicationSceneManifest_Generation = YES;
				INFOPLIST_KEY_UIApplicationSupportsIndirectInputEvents = YES;
				INFOPLIST_KEY_UILaunchScreen_Generation = YES;
				INFOPLIST_KEY_UISupportedInterfaceOrientations_iPad = "UIInterfaceOrientationPortrait UIInterfaceOrientationPortraitUpsideDown UIInterfaceOrientationLandscapeLeft UIInterfaceOrientationLandscapeRight";
				INFOPLIST_KEY_UISupportedInterfaceOrientations_iPhone = "UIInterfaceOrientationPortrait UIInterfaceOrientationLandscapeLeft UIInterfaceOrientationLandscapeRight";
				IPHONEOS_DEPLOYMENT_TARGET = 17.6;
				LD_RUNPATH_SEARCH_PATHS = (
					"$(inherited)",
					"@executable_path/Frameworks",
				);
				MARKETING_VERSION = 1.0;
				PRODUCT_BUNDLE_IDENTIFIER = mihail.PocketRef;
				PRODUCT_NAME = "$(TARGET_NAME)";
				SWIFT_EMIT_LOC_STRINGS = YES;
				SWIFT_VERSION = 5.0;
				TARGETED_DEVICE_FAMILY = "1,2";
			};
			name = Release;
		};
		9D73DAF32CECC7AC006DB085 /* Debug */ = {
			isa = XCBuildConfiguration;
			buildSettings = {
				BUNDLE_LOADER = "$(TEST_HOST)";
				CODE_SIGN_STYLE = Automatic;
				CURRENT_PROJECT_VERSION = 1;
				DEVELOPMENT_TEAM = UPSWAT7Z64;
				GENERATE_INFOPLIST_FILE = YES;
				IPHONEOS_DEPLOYMENT_TARGET = 18.1;
				MARKETING_VERSION = 1.0;
				PRODUCT_BUNDLE_IDENTIFIER = mihail.PocketRefTests;
				PRODUCT_NAME = "$(TARGET_NAME)";
				SWIFT_EMIT_LOC_STRINGS = NO;
				SWIFT_VERSION = 5.0;
				TARGETED_DEVICE_FAMILY = "1,2";
				TEST_HOST = "$(BUILT_PRODUCTS_DIR)/PocketRef.app/$(BUNDLE_EXECUTABLE_FOLDER_PATH)/PocketRef";
			};
			name = Debug;
		};
		9D73DAF42CECC7AC006DB085 /* Release */ = {
			isa = XCBuildConfiguration;
			buildSettings = {
				BUNDLE_LOADER = "$(TEST_HOST)";
				CODE_SIGN_STYLE = Automatic;
				CURRENT_PROJECT_VERSION = 1;
				DEVELOPMENT_TEAM = UPSWAT7Z64;
				GENERATE_INFOPLIST_FILE = YES;
				IPHONEOS_DEPLOYMENT_TARGET = 18.1;
				MARKETING_VERSION = 1.0;
				PRODUCT_BUNDLE_IDENTIFIER = mihail.PocketRefTests;
				PRODUCT_NAME = "$(TARGET_NAME)";
				SWIFT_EMIT_LOC_STRINGS = NO;
				SWIFT_VERSION = 5.0;
				TARGETED_DEVICE_FAMILY = "1,2";
				TEST_HOST = "$(BUILT_PRODUCTS_DIR)/PocketRef.app/$(BUNDLE_EXECUTABLE_FOLDER_PATH)/PocketRef";
			};
			name = Release;
		};
		9D73DAF62CECC7AC006DB085 /* Debug */ = {
			isa = XCBuildConfiguration;
			buildSettings = {
				CODE_SIGN_STYLE = Automatic;
				CURRENT_PROJECT_VERSION = 1;
				DEVELOPMENT_TEAM = UPSWAT7Z64;
				GENERATE_INFOPLIST_FILE = YES;
				MARKETING_VERSION = 1.0;
				PRODUCT_BUNDLE_IDENTIFIER = mihail.PocketRefUITests;
				PRODUCT_NAME = "$(TARGET_NAME)";
				SWIFT_EMIT_LOC_STRINGS = NO;
				SWIFT_VERSION = 5.0;
				TARGETED_DEVICE_FAMILY = "1,2";
				TEST_TARGET_NAME = PocketRef;
			};
			name = Debug;
		};
		9D73DAF72CECC7AC006DB085 /* Release */ = {
			isa = XCBuildConfiguration;
			buildSettings = {
				CODE_SIGN_STYLE = Automatic;
				CURRENT_PROJECT_VERSION = 1;
				DEVELOPMENT_TEAM = UPSWAT7Z64;
				GENERATE_INFOPLIST_FILE = YES;
				MARKETING_VERSION = 1.0;
				PRODUCT_BUNDLE_IDENTIFIER = mihail.PocketRefUITests;
				PRODUCT_NAME = "$(TARGET_NAME)";
				SWIFT_EMIT_LOC_STRINGS = NO;
				SWIFT_VERSION = 5.0;
				TARGETED_DEVICE_FAMILY = "1,2";
				TEST_TARGET_NAME = PocketRef;
			};
			name = Release;
		};
/* End XCBuildConfiguration section */

/* Begin XCConfigurationList section */
		9D73DAC62CECC7AA006DB085 /* Build configuration list for PBXProject "PocketRef" */ = {
			isa = XCConfigurationList;
			buildConfigurations = (
				9D73DAED2CECC7AC006DB085 /* Debug */,
				9D73DAEE2CECC7AC006DB085 /* Release */,
			);
			defaultConfigurationIsVisible = 0;
			defaultConfigurationName = Release;
		};
		9D73DAEF2CECC7AC006DB085 /* Build configuration list for PBXNativeTarget "PocketRef" */ = {
			isa = XCConfigurationList;
			buildConfigurations = (
				9D73DAF02CECC7AC006DB085 /* Debug */,
				9D73DAF12CECC7AC006DB085 /* Release */,
			);
			defaultConfigurationIsVisible = 0;
			defaultConfigurationName = Release;
		};
		9D73DAF22CECC7AC006DB085 /* Build configuration list for PBXNativeTarget "PocketRefTests" */ = {
			isa = XCConfigurationList;
			buildConfigurations = (
				9D73DAF32CECC7AC006DB085 /* Debug */,
				9D73DAF42CECC7AC006DB085 /* Release */,
			);
			defaultConfigurationIsVisible = 0;
			defaultConfigurationName = Release;
		};
		9D73DAF52CECC7AC006DB085 /* Build configuration list for PBXNativeTarget "PocketRefUITests" */ = {
			isa = XCConfigurationList;
			buildConfigurations = (
				9D73DAF62CECC7AC006DB085 /* Debug */,
				9D73DAF72CECC7AC006DB085 /* Release */,
			);
			defaultConfigurationIsVisible = 0;
			defaultConfigurationName = Release;
		};
/* End XCConfigurationList section */
	};
	rootObject = 9D73DAC32CECC7AA006DB085 /* Project object */;
}
